
Microsoft Visual Studio Solution File, Format Version 12.00
# Visual Studio 15
Project("{FAE04EC0-301F-11D3-BF4B-00C04F79EFBC}") = "UnityEngine.UI", "UnityEngine.UI.csproj", "{027422F2-A6CE-6A5F-1F98-1DE87FF2A042}"
EndProject
Project("{FAE04EC0-301F-11D3-BF4B-00C04F79EFBC}") = "UnityEngine.TestRunner", "UnityEngine.TestRunner.csproj", "{B13B47F6-DE1D-8F50-676C-ADB1785C8267}"
EndProject
Project("{FAE04EC0-301F-11D3-BF4B-00C04F79EFBC}") = "Unity.TextMeshPro", "Unity.TextMeshPro.csproj", "{DC933F09-0C78-42C2-16E6-394DAE1D58B4}"
EndProject
Project("{FAE04EC0-301F-11D3-BF4B-00C04F79EFBC}") = "Unity.Timeline", "Unity.Timeline.csproj", "{564BAFCF-50E9-051C-014C-CB379F8CB41C}"
EndProject
Project("{FAE04EC0-301F-11D3-BF4B-00C04F79EFBC}") = "Assembly-CSharp", "Assembly-CSharp.csproj", "{6CC92EE2-C97E-2137-C111-F092707B90B5}"
EndProject
Project("{FAE04EC0-301F-11D3-BF4B-00C04F79EFBC}") = "UnityEditor.TestRunner", "UnityEditor.TestRunner.csproj", "{4FCC11CA-4006-57D4-7B7D-ACCCCD3F8DEE}"
EndProject
Project("{FAE04EC0-301F-11D3-BF4B-00C04F79EFBC}") = "Unity.TextMeshPro.Editor", "Unity.TextMeshPro.Editor.csproj", "{5DBFDC94-75B1-DD6E-5B3E-4F5C4C1FF011}"
EndProject
Project("{FAE04EC0-301F-11D3-BF4B-00C04F79EFBC}") = "Unity.Timeline.Editor", "Unity.Timeline.Editor.csproj", "{92F92CDD-693F-575A-9F2C-E740A1F4C11B}"
EndProject
Project("{FAE04EC0-301F-11D3-BF4B-00C04F79EFBC}") = "Unity.CollabProxy.Editor", "Unity.CollabProxy.Editor.csproj", "{1D4D15E2-A55D-562C-85D0-D52E7C2DBB17}"
EndProject
Project("{FAE04EC0-301F-11D3-BF4B-00C04F79EFBC}") = "UnityEditor.UI", "UnityEditor.UI.csproj", "{D38A912F-D51C-FCAA-C868-A4C212CD7BAB}"
EndProject
Project("{FAE04EC0-301F-11D3-BF4B-00C04F79EFBC}") = "Unity.Rider.Editor", "Unity.Rider.Editor.csproj", "{4545F343-4FDF-1869-B77F-29DD6C0FE373}"
EndProject
Project("{FAE04EC0-301F-11D3-BF4B-00C04F79EFBC}") = "Unity.VisualStudio.Editor", "Unity.VisualStudio.Editor.csproj", "{95C3BABE-E2EA-D181-1183-F2A4A469E61F}"
EndProject
Project("{FAE04EC0-301F-11D3-BF4B-00C04F79EFBC}") = "Unity.VSCode.Editor", "Unity.VSCode.Editor.csproj", "{FBA7D8FB-80AD-7D1A-3834-F974674C90CE}"
EndProject
Project("{FAE04EC0-301F-11D3-BF4B-00C04F79EFBC}") = "UnityEngine.UI", "UnityEngine.UI.Player.csproj", "{004FC547-C0DA-B702-47CE-405C37241FDA}"
EndProject
Project("{FAE04EC0-301F-11D3-BF4B-00C04F79EFBC}") = "UnityEngine.TestRunner", "UnityEngine.TestRunner.Player.csproj", "{956A70EA-A3FB-2FFB-0226-C893F47A4FC5}"
EndProject
Project("{FAE04EC0-301F-11D3-BF4B-00C04F79EFBC}") = "Unity.TextMeshPro", "Unity.TextMeshPro.Player.csproj", "{4E87D9A0-7322-DD6D-C4A6-23B2F27D730B}"
EndProject
Project("{FAE04EC0-301F-11D3-BF4B-00C04F79EFBC}") = "Unity.Timeline", "Unity.Timeline.Player.csproj", "{316B1188-C2A0-E038-BD05-442F7631A723}"
EndProject
Project("{FAE04EC0-301F-11D3-BF4B-00C04F79EFBC}") = "Assembly-CSharp", "Assembly-CSharp.Player.csproj", "{FFA9935F-AE55-5FA3-AB84-879A49E7A691}"
EndProject
Global
	GlobalSection(SolutionConfigurationPlatforms) = preSolution
		Debug|Any CPU = Debug|Any CPU
		Release|Any CPU = Release|Any CPU
	EndGlobalSection
	GlobalSection(ProjectConfigurationPlatforms) = postSolution
		{027422F2-A6CE-6A5F-1F98-1DE87FF2A042}.Debug|Any CPU.ActiveCfg = Debug|Any CPU
		{027422F2-A6CE-6A5F-1F98-1DE87FF2A042}.Debug|Any CPU.Build.0 = Debug|Any CPU
		{027422F2-A6CE-6A5F-1F98-1DE87FF2A042}.Release|Any CPU.ActiveCfg = Release|Any CPU
		{027422F2-A6CE-6A5F-1F98-1DE87FF2A042}.Release|Any CPU.Build.0 = Release|Any CPU
		{B13B47F6-DE1D-8F50-676C-ADB1785C8267}.Debug|Any CPU.ActiveCfg = Debug|Any CPU
		{B13B47F6-DE1D-8F50-676C-ADB1785C8267}.Debug|Any CPU.Build.0 = Debug|Any CPU
		{B13B47F6-DE1D-8F50-676C-ADB1785C8267}.Release|Any CPU.ActiveCfg = Release|Any CPU
		{B13B47F6-DE1D-8F50-676C-ADB1785C8267}.Release|Any CPU.Build.0 = Release|Any CPU
		{DC933F09-0C78-42C2-16E6-394DAE1D58B4}.Debug|Any CPU.ActiveCfg = Debug|Any CPU
		{DC933F09-0C78-42C2-16E6-394DAE1D58B4}.Debug|Any CPU.Build.0 = Debug|Any CPU
		{DC933F09-0C78-42C2-16E6-394DAE1D58B4}.Release|Any CPU.ActiveCfg = Release|Any CPU
		{DC933F09-0C78-42C2-16E6-394DAE1D58B4}.Release|Any CPU.Build.0 = Release|Any CPU
		{564BAFCF-50E9-051C-014C-CB379F8CB41C}.Debug|Any CPU.ActiveCfg = Debug|Any CPU
		{564BAFCF-50E9-051C-014C-CB379F8CB41C}.Debug|Any CPU.Build.0 = Debug|Any CPU
		{564BAFCF-50E9-051C-014C-CB379F8CB41C}.Release|Any CPU.ActiveCfg = Release|Any CPU
		{564BAFCF-50E9-051C-014C-CB379F8CB41C}.Release|Any CPU.Build.0 = Release|Any CPU
		{6CC92EE2-C97E-2137-C111-F092707B90B5}.Debug|Any CPU.ActiveCfg = Debug|Any CPU
		{6CC92EE2-C97E-2137-C111-F092707B90B5}.Debug|Any CPU.Build.0 = Debug|Any CPU
		{6CC92EE2-C97E-2137-C111-F092707B90B5}.Release|Any CPU.ActiveCfg = Release|Any CPU
		{6CC92EE2-C97E-2137-C111-F092707B90B5}.Release|Any CPU.Build.0 = Release|Any CPU
		{4FCC11CA-4006-57D4-7B7D-ACCCCD3F8DEE}.Debug|Any CPU.ActiveCfg = Debug|Any CPU
		{4FCC11CA-4006-57D4-7B7D-ACCCCD3F8DEE}.Debug|Any CPU.Build.0 = Debug|Any CPU
		{4FCC11CA-4006-57D4-7B7D-ACCCCD3F8DEE}.Release|Any CPU.ActiveCfg = Release|Any CPU
		{4FCC11CA-4006-57D4-7B7D-ACCCCD3F8DEE}.Release|Any CPU.Build.0 = Release|Any CPU
		{5DBFDC94-75B1-DD6E-5B3E-4F5C4C1FF011}.Debug|Any CPU.ActiveCfg = Debug|Any CPU
		{5DBFDC94-75B1-DD6E-5B3E-4F5C4C1FF011}.Debug|Any CPU.Build.0 = Debug|Any CPU
		{5DBFDC94-75B1-DD6E-5B3E-4F5C4C1FF011}.Release|Any CPU.ActiveCfg = Release|Any CPU
		{5DBFDC94-75B1-DD6E-5B3E-4F5C4C1FF011}.Release|Any CPU.Build.0 = Release|Any CPU
		{92F92CDD-693F-575A-9F2C-E740A1F4C11B}.Debug|Any CPU.ActiveCfg = Debug|Any CPU
		{92F92CDD-693F-575A-9F2C-E740A1F4C11B}.Debug|Any CPU.Build.0 = Debug|Any CPU
		{92F92CDD-693F-575A-9F2C-E740A1F4C11B}.Release|Any CPU.ActiveCfg = Release|Any CPU
		{92F92CDD-693F-575A-9F2C-E740A1F4C11B}.Release|Any CPU.Build.0 = Release|Any CPU
		{1D4D15E2-A55D-562C-85D0-D52E7C2DBB17}.Debug|Any CPU.ActiveCfg = Debug|Any CPU
		{1D4D15E2-A55D-562C-85D0-D52E7C2DBB17}.Debug|Any CPU.Build.0 = Debug|Any CPU
		{1D4D15E2-A55D-562C-85D0-D52E7C2DBB17}.Release|Any CPU.ActiveCfg = Release|Any CPU
		{1D4D15E2-A55D-562C-85D0-D52E7C2DBB17}.Release|Any CPU.Build.0 = Release|Any CPU
		{D38A912F-D51C-FCAA-C868-A4C212CD7BAB}.Debug|Any CPU.ActiveCfg = Debug|Any CPU
		{D38A912F-D51C-FCAA-C868-A4C212CD7BAB}.Debug|Any CPU.Build.0 = Debug|Any CPU
		{D38A912F-D51C-FCAA-C868-A4C212CD7BAB}.Release|Any CPU.ActiveCfg = Release|Any CPU
		{D38A912F-D51C-FCAA-C868-A4C212CD7BAB}.Release|Any CPU.Build.0 = Release|Any CPU
		{4545F343-4FDF-1869-B77F-29DD6C0FE373}.Debug|Any CPU.ActiveCfg = Debug|Any CPU
		{4545F343-4FDF-1869-B77F-29DD6C0FE373}.Debug|Any CPU.Build.0 = Debug|Any CPU
		{4545F343-4FDF-1869-B77F-29DD6C0FE373}.Release|Any CPU.ActiveCfg = Release|Any CPU
		{4545F343-4FDF-1869-B77F-29DD6C0FE373}.Release|Any CPU.Build.0 = Release|Any CPU
		{95C3BABE-E2EA-D181-1183-F2A4A469E61F}.Debug|Any CPU.ActiveCfg = Debug|Any CPU
		{95C3BABE-E2EA-D181-1183-F2A4A469E61F}.Debug|Any CPU.Build.0 = Debug|Any CPU
		{95C3BABE-E2EA-D181-1183-F2A4A469E61F}.Release|Any CPU.ActiveCfg = Release|Any CPU
		{95C3BABE-E2EA-D181-1183-F2A4A469E61F}.Release|Any CPU.Build.0 = Release|Any CPU
		{FBA7D8FB-80AD-7D1A-3834-F974674C90CE}.Debug|Any CPU.ActiveCfg = Debug|Any CPU
		{FBA7D8FB-80AD-7D1A-3834-F974674C90CE}.Debug|Any CPU.Build.0 = Debug|Any CPU
		{FBA7D8FB-80AD-7D1A-3834-F974674C90CE}.Release|Any CPU.ActiveCfg = Release|Any CPU
		{FBA7D8FB-80AD-7D1A-3834-F974674C90CE}.Release|Any CPU.Build.0 = Release|Any CPU
		{004FC547-C0DA-B702-47CE-405C37241FDA}.Debug|Any CPU.ActiveCfg = Debug|Any CPU
		{004FC547-C0DA-B702-47CE-405C37241FDA}.Debug|Any CPU.Build.0 = Debug|Any CPU
		{004FC547-C0DA-B702-47CE-405C37241FDA}.Release|Any CPU.ActiveCfg = Release|Any CPU
		{004FC547-C0DA-B702-47CE-405C37241FDA}.Release|Any CPU.Build.0 = Release|Any CPU
		{956A70EA-A3FB-2FFB-0226-C893F47A4FC5}.Debug|Any CPU.ActiveCfg = Debug|Any CPU
		{956A70EA-A3FB-2FFB-0226-C893F47A4FC5}.Debug|Any CPU.Build.0 = Debug|Any CPU
		{956A70EA-A3FB-2FFB-0226-C893F47A4FC5}.Release|Any CPU.ActiveCfg = Release|Any CPU
		{956A70EA-A3FB-2FFB-0226-C893F47A4FC5}.Release|Any CPU.Build.0 = Release|Any CPU
		{4E87D9A0-7322-DD6D-C4A6-23B2F27D730B}.Debug|Any CPU.ActiveCfg = Debug|Any CPU
		{4E87D9A0-7322-DD6D-C4A6-23B2F27D730B}.Debug|Any CPU.Build.0 = Debug|Any CPU
		{4E87D9A0-7322-DD6D-C4A6-23B2F27D730B}.Release|Any CPU.ActiveCfg = Release|Any CPU
		{4E87D9A0-7322-DD6D-C4A6-23B2F27D730B}.Release|Any CPU.Build.0 = Release|Any CPU
		{316B1188-C2A0-E038-BD05-442F7631A723}.Debug|Any CPU.ActiveCfg = Debug|Any CPU
		{316B1188-C2A0-E038-BD05-442F7631A723}.Debug|Any CPU.Build.0 = Debug|Any CPU
		{316B1188-C2A0-E038-BD05-442F7631A723}.Release|Any CPU.ActiveCfg = Release|Any CPU
		{316B1188-C2A0-E038-BD05-442F7631A723}.Release|Any CPU.Build.0 = Release|Any CPU
		{FFA9935F-AE55-5FA3-AB84-879A49E7A691}.Debug|Any CPU.ActiveCfg = Debug|Any CPU
		{FFA9935F-AE55-5FA3-AB84-879A49E7A691}.Debug|Any CPU.Build.0 = Debug|Any CPU
		{FFA9935F-AE55-5FA3-AB84-879A49E7A691}.Release|Any CPU.ActiveCfg = Release|Any CPU
		{FFA9935F-AE55-5FA3-AB84-879A49E7A691}.Release|Any CPU.Build.0 = Release|Any CPU
	EndGlobalSection
	GlobalSection(SolutionProperties) = preSolution
		HideSolutionNode = FALSE
	EndGlobalSection
EndGlobal
